
Microsoft Visual Studio Solution File, Format Version 12.00
# Visual Studio Version 17
VisualStudioVersion = 17.11.35327.3
MinimumVisualStudioVersion = 10.0.40219.1
Project("{FAE04EC0-301F-11D3-BF4B-00C04F79EFBC}") = "ScanPerson.WebApi", "ScanPerson.WebApi\ScanPerson.WebApi.csproj", "{0FF363A2-20C3-420D-8EFE-9D8759A19F7C}"
EndProject
Project("{54A90642-561A-4BB1-A94E-469ADEE60C69}") = "ScanPerson.UI", "ScanPerson.UI\ScanPerson.UI.esproj", "{C3726E31-8151-4FA6-95D5-ADBAFA1B6F86}"
EndProject
Project("{E53339B2-1760-4266-BCC7-CA923CBCF16C}") = "docker-compose", "docker-compose.dcproj", "{D7EE9B5B-50D8-4005-9624-D38D27E3A423}"
EndProject
Project("{FAE04EC0-301F-11D3-BF4B-00C04F79EFBC}") = "ScanPerson.DAL", "ScanPerson.DAL\ScanPerson.DAL.csproj", "{D6520A4E-E4ED-4074-8B46-B5D3F05AB48C}"
EndProject
Project("{FAE04EC0-301F-11D3-BF4B-00C04F79EFBC}") = "ScanPerson.Models", "ScanPerson.Models\ScanPerson.Models.csproj", "{D78251DE-3C4F-432D-A772-830100891C5B}"
EndProject
Project("{FAE04EC0-301F-11D3-BF4B-00C04F79EFBC}") = "ScanPerson.BusinessLogic", "ScanPerson.BusinessLogic\ScanPerson.BusinessLogic.csproj", "{F2A0C8BD-A50F-45DE-B9F4-F8563EB24A6D}"
EndProject
Project("{FAE04EC0-301F-11D3-BF4B-00C04F79EFBC}") = "ScanPerson.Auth.Api", "ScanPerson.Auth.Api\ScanPerson.Auth.Api.csproj", "{D54673F9-C2F9-4626-B46E-FA74BC919E6E}"
EndProject
Project("{FAE04EC0-301F-11D3-BF4B-00C04F79EFBC}") = "ScanPerson.Common", "ScanPerson.Common\ScanPerson.Common.csproj", "{178DACE8-C5EA-439A-A431-F618987788A3}"
EndProject
Project("{2150E333-8FDC-42A3-9474-1A3956D46DE8}") = "Tests", "Tests", "{02EA681E-C7D8-13C7-8484-4AC65E1B71E8}"
EndProject
Project("{FAE04EC0-301F-11D3-BF4B-00C04F79EFBC}") = "ScanPerson.Integration.Tests", "Tests\ScanPerson.Integration.Tests\ScanPerson.Integration.Tests.csproj", "{AE1CE566-2737-46A3-8030-B4D2A7613CDC}"
EndProject
Project("{FAE04EC0-301F-11D3-BF4B-00C04F79EFBC}") = "ScanPerson.Unit.Tests", "Tests\ScanPerson.Unit.Tests\ScanPerson.Unit.Tests.csproj", "{F22DAFCD-9E20-43C0-AE2B-15B652BD9D02}"
EndProject
Global
	GlobalSection(SolutionConfigurationPlatforms) = preSolution
		Debug|Any CPU = Debug|Any CPU
		Release|Any CPU = Release|Any CPU
	EndGlobalSection
	GlobalSection(ProjectConfigurationPlatforms) = postSolution
		{0FF363A2-20C3-420D-8EFE-9D8759A19F7C}.Debug|Any CPU.ActiveCfg = Debug|Any CPU
		{0FF363A2-20C3-420D-8EFE-9D8759A19F7C}.Debug|Any CPU.Build.0 = Debug|Any CPU
		{0FF363A2-20C3-420D-8EFE-9D8759A19F7C}.Release|Any CPU.ActiveCfg = Release|Any CPU
		{0FF363A2-20C3-420D-8EFE-9D8759A19F7C}.Release|Any CPU.Build.0 = Release|Any CPU
		{C3726E31-8151-4FA6-95D5-ADBAFA1B6F86}.Debug|Any CPU.ActiveCfg = Debug|Any CPU
		{C3726E31-8151-4FA6-95D5-ADBAFA1B6F86}.Debug|Any CPU.Build.0 = Debug|Any CPU
		{C3726E31-8151-4FA6-95D5-ADBAFA1B6F86}.Debug|Any CPU.Deploy.0 = Debug|Any CPU
		{C3726E31-8151-4FA6-95D5-ADBAFA1B6F86}.Release|Any CPU.ActiveCfg = Release|Any CPU
		{C3726E31-8151-4FA6-95D5-ADBAFA1B6F86}.Release|Any CPU.Build.0 = Release|Any CPU
		{C3726E31-8151-4FA6-95D5-ADBAFA1B6F86}.Release|Any CPU.Deploy.0 = Release|Any CPU
		{D7EE9B5B-50D8-4005-9624-D38D27E3A423}.Debug|Any CPU.ActiveCfg = Debug|Any CPU
		{D7EE9B5B-50D8-4005-9624-D38D27E3A423}.Debug|Any CPU.Build.0 = Debug|Any CPU
		{D7EE9B5B-50D8-4005-9624-D38D27E3A423}.Release|Any CPU.ActiveCfg = Debug|Any CPU
		{D7EE9B5B-50D8-4005-9624-D38D27E3A423}.Release|Any CPU.Build.0 = Debug|Any CPU
		{D6520A4E-E4ED-4074-8B46-B5D3F05AB48C}.Debug|Any CPU.ActiveCfg = Debug|Any CPU
		{D6520A4E-E4ED-4074-8B46-B5D3F05AB48C}.Debug|Any CPU.Build.0 = Debug|Any CPU
		{D6520A4E-E4ED-4074-8B46-B5D3F05AB48C}.Release|Any CPU.ActiveCfg = Release|Any CPU
		{D6520A4E-E4ED-4074-8B46-B5D3F05AB48C}.Release|Any CPU.Build.0 = Release|Any CPU
		{D78251DE-3C4F-432D-A772-830100891C5B}.Debug|Any CPU.ActiveCfg = Debug|Any CPU
		{D78251DE-3C4F-432D-A772-830100891C5B}.Debug|Any CPU.Build.0 = Debug|Any CPU
		{D78251DE-3C4F-432D-A772-830100891C5B}.Release|Any CPU.ActiveCfg = Release|Any CPU
		{D78251DE-3C4F-432D-A772-830100891C5B}.Release|Any CPU.Build.0 = Release|Any CPU
		{F2A0C8BD-A50F-45DE-B9F4-F8563EB24A6D}.Debug|Any CPU.ActiveCfg = Debug|Any CPU
		{F2A0C8BD-A50F-45DE-B9F4-F8563EB24A6D}.Debug|Any CPU.Build.0 = Debug|Any CPU
		{F2A0C8BD-A50F-45DE-B9F4-F8563EB24A6D}.Release|Any CPU.ActiveCfg = Release|Any CPU
		{F2A0C8BD-A50F-45DE-B9F4-F8563EB24A6D}.Release|Any CPU.Build.0 = Release|Any CPU
		{D54673F9-C2F9-4626-B46E-FA74BC919E6E}.Debug|Any CPU.ActiveCfg = Debug|Any CPU
		{D54673F9-C2F9-4626-B46E-FA74BC919E6E}.Debug|Any CPU.Build.0 = Debug|Any CPU
		{D54673F9-C2F9-4626-B46E-FA74BC919E6E}.Release|Any CPU.ActiveCfg = Release|Any CPU
		{D54673F9-C2F9-4626-B46E-FA74BC919E6E}.Release|Any CPU.Build.0 = Release|Any CPU
		{178DACE8-C5EA-439A-A431-F618987788A3}.Debug|Any CPU.ActiveCfg = Debug|Any CPU
		{178DACE8-C5EA-439A-A431-F618987788A3}.Debug|Any CPU.Build.0 = Debug|Any CPU
		{178DACE8-C5EA-439A-A431-F618987788A3}.Release|Any CPU.ActiveCfg = Release|Any CPU
		{178DACE8-C5EA-439A-A431-F618987788A3}.Release|Any CPU.Build.0 = Release|Any CPU
		{AE1CE566-2737-46A3-8030-B4D2A7613CDC}.Debug|Any CPU.ActiveCfg = Debug|Any CPU
		{AE1CE566-2737-46A3-8030-B4D2A7613CDC}.Debug|Any CPU.Build.0 = Debug|Any CPU
		{AE1CE566-2737-46A3-8030-B4D2A7613CDC}.Release|Any CPU.ActiveCfg = Release|Any CPU
		{AE1CE566-2737-46A3-8030-B4D2A7613CDC}.Release|Any CPU.Build.0 = Release|Any CPU
		{F22DAFCD-9E20-43C0-AE2B-15B652BD9D02}.Debug|Any CPU.ActiveCfg = Debug|Any CPU
		{F22DAFCD-9E20-43C0-AE2B-15B652BD9D02}.Debug|Any CPU.Build.0 = Debug|Any CPU
		{F22DAFCD-9E20-43C0-AE2B-15B652BD9D02}.Release|Any CPU.ActiveCfg = Release|Any CPU
		{F22DAFCD-9E20-43C0-AE2B-15B652BD9D02}.Release|Any CPU.Build.0 = Release|Any CPU
	EndGlobalSection
	GlobalSection(SolutionProperties) = preSolution
		HideSolutionNode = FALSE
	EndGlobalSection
	GlobalSection(ExtensibilityGlobals) = postSolution
		SolutionGuid = {A569EC1C-6DDC-4C14-BB65-7ADB06C8832B}
	EndGlobalSection
EndGlobal
